<?xml version="1.0" encoding="utf-8"?>
<Project ToolsVersion="4.0" xmlns="http://schemas.microsoft.com/developer/msbuild/2003">
  <ItemGroup>
    <Filter Include="头文件">
      <UniqueIdentifier>{93995380-89BD-4b04-88EB-625FBE52EBFB}</UniqueIdentifier>
      <Extensions>h;hh;hpp;hxx;hm;inl;inc;xsd</Extensions>
    </Filter>
    <Filter Include="资源文件">
      <UniqueIdentifier>{67DA6AB6-F800-4c08-8B7A-83BB121AAD01}</UniqueIdentifier>
      <Extensions>rc;ico;cur;bmp;dlg;rc2;rct;bin;rgs;gif;jpg;jpeg;jpe;resx;tiff;tif;png;wav;mfcribbon-ms</Extensions>
    </Filter>
    <Filter Include="Kata">
      <UniqueIdentifier>{4FC737F1-C7A5-4376-A066-2A32D752A2FF}</UniqueIdentifier>
      <Extensions>cpp;c;cc;cxx;def;odl;idl;hpj;bat;asm;asmx</Extensions>
    </Filter>
    <Filter Include="Kata\Get the Middle Character">
      <UniqueIdentifier>{a39bfed7-ad3c-43df-b770-ba771d88fee6}</UniqueIdentifier>
    </Filter>
    <Filter Include="Kata\IsIsogram">
      <UniqueIdentifier>{e2209af2-a796-48cc-9dc1-606317e855e8}</UniqueIdentifier>
    </Filter>
    <Filter Include="Kata\Vasya - Clerk">
      <UniqueIdentifier>{191524fa-aa05-4f63-9f3b-1fd888e27226}</UniqueIdentifier>
    </Filter>
  </ItemGroup>
  <ItemGroup>
    <ClInclude Include="stdafx.h">
      <Filter>头文件</Filter>
    </ClInclude>
    <ClInclude Include="targetver.h">
      <Filter>头文件</Filter>
    </ClInclude>
  </ItemGroup>
  <ItemGroup>
    <ClCompile Include="stdafx.cpp">
      <Filter>Kata</Filter>
    </ClCompile>
    <ClCompile Include="Kata\Get the Middle Character\GetMiddle.cpp">
      <Filter>Kata\Get the Middle Character</Filter>
    </ClCompile>
    <ClCompile Include="Kata\IsIsogram\IsIsogram.cpp">
      <Filter>Kata\IsIsogram</Filter>
    </ClCompile>
    <ClCompile Include="Kata\Vasya - Clerk\Vasya - Clerk.cpp">
      <Filter>Kata\Vasya - Clerk</Filter>
    </ClCompile>
  </ItemGroup>
  <ItemGroup>
    <None Include="Kata\Get the Middle Character\README.md">
      <Filter>Kata\Get the Middle Character</Filter>
    </None>
  </ItemGroup>
</Project>